
Microsoft Visual Studio Solution File, Format Version 12.00
# Visual Studio 14
VisualStudioVersion = 14.0.24720.0
MinimumVisualStudioVersion = 10.0.40219.1
Project("{FAE04EC0-301F-11D3-BF4B-00C04F79EFBC}") = "W10Features", "W10Features\W10Features.csproj", "{CA8ABB92-66D0-4280-8113-D76B3DEA5F74}"
EndProject
Project("{FAE04EC0-301F-11D3-BF4B-00C04F79EFBC}") = "W10FeaturesLib", "W10FeaturesLib\W10FeaturesLib.csproj", "{B9130F1C-D539-4F83-8A5A-F1A31698CCED}"
EndProject
Global
	GlobalSection(SolutionConfigurationPlatforms) = preSolution
		Debug|Any CPU = Debug|Any CPU
		Debug|ARM = Debug|ARM
		Debug|x64 = Debug|x64
		Debug|x86 = Debug|x86
		Release|Any CPU = Release|Any CPU
		Release|ARM = Release|ARM
		Release|x64 = Release|x64
		Release|x86 = Release|x86
	EndGlobalSection
	GlobalSection(ProjectConfigurationPlatforms) = postSolution
		{CA8ABB92-66D0-4280-8113-D76B3DEA5F74}.Debug|Any CPU.ActiveCfg = Debug|x86
		{CA8ABB92-66D0-4280-8113-D76B3DEA5F74}.Debug|ARM.ActiveCfg = Debug|ARM
		{CA8ABB92-66D0-4280-8113-D76B3DEA5F74}.Debug|ARM.Build.0 = Debug|ARM
		{CA8ABB92-66D0-4280-8113-D76B3DEA5F74}.Debug|ARM.Deploy.0 = Debug|ARM
		{CA8ABB92-66D0-4280-8113-D76B3DEA5F74}.Debug|x64.ActiveCfg = Debug|x64
		{CA8ABB92-66D0-4280-8113-D76B3DEA5F74}.Debug|x64.Build.0 = Debug|x64
		{CA8ABB92-66D0-4280-8113-D76B3DEA5F74}.Debug|x64.Deploy.0 = Debug|x64
		{CA8ABB92-66D0-4280-8113-D76B3DEA5F74}.Debug|x86.ActiveCfg = Debug|x86
		{CA8ABB92-66D0-4280-8113-D76B3DEA5F74}.Debug|x86.Build.0 = Debug|x86
		{CA8ABB92-66D0-4280-8113-D76B3DEA5F74}.Debug|x86.Deploy.0 = Debug|x86
		{CA8ABB92-66D0-4280-8113-D76B3DEA5F74}.Release|Any CPU.ActiveCfg = Release|x86
		{CA8ABB92-66D0-4280-8113-D76B3DEA5F74}.Release|ARM.ActiveCfg = Release|ARM
		{CA8ABB92-66D0-4280-8113-D76B3DEA5F74}.Release|ARM.Build.0 = Release|ARM
		{CA8ABB92-66D0-4280-8113-D76B3DEA5F74}.Release|ARM.Deploy.0 = Release|ARM
		{CA8ABB92-66D0-4280-8113-D76B3DEA5F74}.Release|x64.ActiveCfg = Release|x64
		{CA8ABB92-66D0-4280-8113-D76B3DEA5F74}.Release|x64.Build.0 = Release|x64
		{CA8ABB92-66D0-4280-8113-D76B3DEA5F74}.Release|x64.Deploy.0 = Release|x64
		{CA8ABB92-66D0-4280-8113-D76B3DEA5F74}.Release|x86.ActiveCfg = Release|x86
		{CA8ABB92-66D0-4280-8113-D76B3DEA5F74}.Release|x86.Build.0 = Release|x86
		{CA8ABB92-66D0-4280-8113-D76B3DEA5F74}.Release|x86.Deploy.0 = Release|x86
		{B9130F1C-D539-4F83-8A5A-F1A31698CCED}.Debug|Any CPU.ActiveCfg = Debug|Any CPU
		{B9130F1C-D539-4F83-8A5A-F1A31698CCED}.Debug|Any CPU.Build.0 = Debug|Any CPU
		{B9130F1C-D539-4F83-8A5A-F1A31698CCED}.Debug|ARM.ActiveCfg = Debug|ARM
		{B9130F1C-D539-4F83-8A5A-F1A31698CCED}.Debug|ARM.Build.0 = Debug|ARM
		{B9130F1C-D539-4F83-8A5A-F1A31698CCED}.Debug|x64.ActiveCfg = Debug|x64
		{B9130F1C-D539-4F83-8A5A-F1A31698CCED}.Debug|x64.Build.0 = Debug|x64
		{B9130F1C-D539-4F83-8A5A-F1A31698CCED}.Debug|x86.ActiveCfg = Debug|x86
		{B9130F1C-D539-4F83-8A5A-F1A31698CCED}.Debug|x86.Build.0 = Debug|x86
		{B9130F1C-D539-4F83-8A5A-F1A31698CCED}.Release|Any CPU.ActiveCfg = Release|Any CPU
		{B9130F1C-D539-4F83-8A5A-F1A31698CCED}.Release|Any CPU.Build.0 = Release|Any CPU
		{B9130F1C-D539-4F83-8A5A-F1A31698CCED}.Release|ARM.ActiveCfg = Release|ARM
		{B9130F1C-D539-4F83-8A5A-F1A31698CCED}.Release|ARM.Build.0 = Release|ARM
		{B9130F1C-D539-4F83-8A5A-F1A31698CCED}.Release|x64.ActiveCfg = Release|x64
		{B9130F1C-D539-4F83-8A5A-F1A31698CCED}.Release|x64.Build.0 = Release|x64
		{B9130F1C-D539-4F83-8A5A-F1A31698CCED}.Release|x86.ActiveCfg = Release|x86
		{B9130F1C-D539-4F83-8A5A-F1A31698CCED}.Release|x86.Build.0 = Release|x86
	EndGlobalSection
	GlobalSection(SolutionProperties) = preSolution
		HideSolutionNode = FALSE
	EndGlobalSection
EndGlobal
